{
  "name": "prism-hyperscript",
  "version": "1.0.0",
  "lockfileVersion": 1,
  "requires": true,
  "dependencies": {
    "prismjs": {
      "version": "git://github.com/PrismJS/prism.git#e4ad22ad72bc30ab0e95ec32f26f351477dc369a",
      "from": "git://github.com/PrismJS/prism.git#master"
    }
  }
}
